// !$*UTF8*$!
{
	archiveVersion = 1;
	classes = {
	};
	objectVersion = 46;
	objects = {

/* Begin PBXBuildFile section */
		C20CDB87133376F3008A4FE3 /* Dependencies.h in Headers */ = {isa = PBXBuildFile; fileRef = C20CDB86133376F3008A4FE3 /* Dependencies.h */; };
		C20DE8DD132BC6D50028EAD7 /* JSON.h in Headers */ = {isa = PBXBuildFile; fileRef = C20DE8CA132BC6D30028EAD7 /* JSON.h */; };
		C20DE8DE132BC6D50028EAD7 /* NSObject+JSON.h in Headers */ = {isa = PBXBuildFile; fileRef = C20DE8CB132BC6D30028EAD7 /* NSObject+JSON.h */; };
		C20DE8DF132BC6D50028EAD7 /* NSObject+JSON.m in Sources */ = {isa = PBXBuildFile; fileRef = C20DE8CC132BC6D30028EAD7 /* NSObject+JSON.m */; };
		C20DE8E0132BC6D50028EAD7 /* SBJsonParser.h in Headers */ = {isa = PBXBuildFile; fileRef = C20DE8CD132BC6D30028EAD7 /* SBJsonParser.h */; };
		C20DE8E1132BC6D50028EAD7 /* SBJsonParser.m in Sources */ = {isa = PBXBuildFile; fileRef = C20DE8CE132BC6D30028EAD7 /* SBJsonParser.m */; };
		C20DE8E2132BC6D50028EAD7 /* SBJsonStreamParser.h in Headers */ = {isa = PBXBuildFile; fileRef = C20DE8CF132BC6D30028EAD7 /* SBJsonStreamParser.h */; };
		C20DE8E3132BC6D50028EAD7 /* SBJsonStreamParser.m in Sources */ = {isa = PBXBuildFile; fileRef = C20DE8D0132BC6D30028EAD7 /* SBJsonStreamParser.m */; };
		C20DE8E4132BC6D50028EAD7 /* SBJsonStreamParserAdapter.h in Headers */ = {isa = PBXBuildFile; fileRef = C20DE8D1132BC6D30028EAD7 /* SBJsonStreamParserAdapter.h */; };
		C20DE8E5132BC6D50028EAD7 /* SBJsonStreamParserAdapter.m in Sources */ = {isa = PBXBuildFile; fileRef = C20DE8D2132BC6D30028EAD7 /* SBJsonStreamParserAdapter.m */; };
		C20DE8E6132BC6D50028EAD7 /* SBJsonStreamParserState.h in Headers */ = {isa = PBXBuildFile; fileRef = C20DE8D3132BC6D30028EAD7 /* SBJsonStreamParserState.h */; };
		C20DE8E7132BC6D50028EAD7 /* SBJsonStreamParserState.m in Sources */ = {isa = PBXBuildFile; fileRef = C20DE8D4132BC6D30028EAD7 /* SBJsonStreamParserState.m */; };
		C20DE8E8132BC6D50028EAD7 /* SBJsonStreamWriter.h in Headers */ = {isa = PBXBuildFile; fileRef = C20DE8D5132BC6D30028EAD7 /* SBJsonStreamWriter.h */; };
		C20DE8E9132BC6D50028EAD7 /* SBJsonStreamWriter.m in Sources */ = {isa = PBXBuildFile; fileRef = C20DE8D6132BC6D30028EAD7 /* SBJsonStreamWriter.m */; };
		C20DE8EA132BC6D50028EAD7 /* SBJsonStreamWriterState.h in Headers */ = {isa = PBXBuildFile; fileRef = C20DE8D7132BC6D30028EAD7 /* SBJsonStreamWriterState.h */; };
		C20DE8EB132BC6D50028EAD7 /* SBJsonStreamWriterState.m in Sources */ = {isa = PBXBuildFile; fileRef = C20DE8D8132BC6D40028EAD7 /* SBJsonStreamWriterState.m */; };
		C20DE8EC132BC6D50028EAD7 /* SBJsonTokeniser.h in Headers */ = {isa = PBXBuildFile; fileRef = C20DE8D9132BC6D40028EAD7 /* SBJsonTokeniser.h */; };
		C20DE8ED132BC6D50028EAD7 /* SBJsonTokeniser.m in Sources */ = {isa = PBXBuildFile; fileRef = C20DE8DA132BC6D40028EAD7 /* SBJsonTokeniser.m */; };
		C20DE8EE132BC6D50028EAD7 /* SBJsonWriter.h in Headers */ = {isa = PBXBuildFile; fileRef = C20DE8DB132BC6D40028EAD7 /* SBJsonWriter.h */; };
		C20DE8EF132BC6D50028EAD7 /* SBJsonWriter.m in Sources */ = {isa = PBXBuildFile; fileRef = C20DE8DC132BC6D40028EAD7 /* SBJsonWriter.m */; };
		C23F3D7E132E5688003155EE /* json_mobile.h in Headers */ = {isa = PBXBuildFile; fileRef = C23F3D7D132E5688003155EE /* json_mobile.h */; };
		C2935B9F132AD9A600B39BE2 /* Foundation.framework in Frameworks */ = {isa = PBXBuildFile; fileRef = C2935B9E132AD9A600B39BE2 /* Foundation.framework */; };
		C2B4DFBE132BB1D40067264D /* JsonMobile.h in Headers */ = {isa = PBXBuildFile; fileRef = C2B4DFBC132BB1D40067264D /* JsonMobile.h */; };
		C2B4DFBF132BB1D40067264D /* JsonMobile.m in Sources */ = {isa = PBXBuildFile; fileRef = C2B4DFBD132BB1D40067264D /* JsonMobile.m */; };
		C2B4DFC1132BB1E10067264D /* json_mobile-Prefix.pch in Headers */ = {isa = PBXBuildFile; fileRef = C2B4DFC0132BB1E10067264D /* json_mobile-Prefix.pch */; };
/* End PBXBuildFile section */

/* Begin PBXFileReference section */
		C209221E139553F000CDE3F1 /* Entitlements.plist */ = {isa = PBXFileReference; fileEncoding = 4; lastKnownFileType = text.plist.xml; path = Entitlements.plist; sourceTree = "<group>"; };
		C20CDB86133376F3008A4FE3 /* Dependencies.h */ = {isa = PBXFileReference; fileEncoding = 4; lastKnownFileType = sourcecode.c.h; name = Dependencies.h; path = classes/Dependencies.h; sourceTree = "<group>"; };
		C20DE8CA132BC6D30028EAD7 /* JSON.h */ = {isa = PBXFileReference; fileEncoding = 4; lastKnownFileType = sourcecode.c.h; name = JSON.h; path = classes/JSON.h; sourceTree = "<group>"; };
		C20DE8CB132BC6D30028EAD7 /* NSObject+JSON.h */ = {isa = PBXFileReference; fileEncoding = 4; lastKnownFileType = sourcecode.c.h; name = "NSObject+JSON.h"; path = "classes/NSObject+JSON.h"; sourceTree = "<group>"; };
		C20DE8CC132BC6D30028EAD7 /* NSObject+JSON.m */ = {isa = PBXFileReference; fileEncoding = 4; lastKnownFileType = sourcecode.c.objc; name = "NSObject+JSON.m"; path = "classes/NSObject+JSON.m"; sourceTree = "<group>"; };
		C20DE8CD132BC6D30028EAD7 /* SBJsonParser.h */ = {isa = PBXFileReference; fileEncoding = 4; lastKnownFileType = sourcecode.c.h; name = SBJsonParser.h; path = classes/SBJsonParser.h; sourceTree = "<group>"; };
		C20DE8CE132BC6D30028EAD7 /* SBJsonParser.m */ = {isa = PBXFileReference; fileEncoding = 4; lastKnownFileType = sourcecode.c.objc; name = SBJsonParser.m; path = classes/SBJsonParser.m; sourceTree = "<group>"; };
		C20DE8CF132BC6D30028EAD7 /* SBJsonStreamParser.h */ = {isa = PBXFileReference; fileEncoding = 4; lastKnownFileType = sourcecode.c.h; name = SBJsonStreamParser.h; path = classes/SBJsonStreamParser.h; sourceTree = "<group>"; };
		C20DE8D0132BC6D30028EAD7 /* SBJsonStreamParser.m */ = {isa = PBXFileReference; fileEncoding = 4; lastKnownFileType = sourcecode.c.objc; name = SBJsonStreamParser.m; path = classes/SBJsonStreamParser.m; sourceTree = "<group>"; };
		C20DE8D1132BC6D30028EAD7 /* SBJsonStreamParserAdapter.h */ = {isa = PBXFileReference; fileEncoding = 4; lastKnownFileType = sourcecode.c.h; name = SBJsonStreamParserAdapter.h; path = classes/SBJsonStreamParserAdapter.h; sourceTree = "<group>"; };
		C20DE8D2132BC6D30028EAD7 /* SBJsonStreamParserAdapter.m */ = {isa = PBXFileReference; fileEncoding = 4; lastKnownFileType = sourcecode.c.objc; name = SBJsonStreamParserAdapter.m; path = classes/SBJsonStreamParserAdapter.m; sourceTree = "<group>"; };
		C20DE8D3132BC6D30028EAD7 /* SBJsonStreamParserState.h */ = {isa = PBXFileReference; fileEncoding = 4; lastKnownFileType = sourcecode.c.h; name = SBJsonStreamParserState.h; path = classes/SBJsonStreamParserState.h; sourceTree = "<group>"; };
		C20DE8D4132BC6D30028EAD7 /* SBJsonStreamParserState.m */ = {isa = PBXFileReference; fileEncoding = 4; lastKnownFileType = sourcecode.c.objc; name = SBJsonStreamParserState.m; path = classes/SBJsonStreamParserState.m; sourceTree = "<group>"; };
		C20DE8D5132BC6D30028EAD7 /* SBJsonStreamWriter.h */ = {isa = PBXFileReference; fileEncoding = 4; lastKnownFileType = sourcecode.c.h; name = SBJsonStreamWriter.h; path = classes/SBJsonStreamWriter.h; sourceTree = "<group>"; };
		C20DE8D6132BC6D30028EAD7 /* SBJsonStreamWriter.m */ = {isa = PBXFileReference; fileEncoding = 4; lastKnownFileType = sourcecode.c.objc; name = SBJsonStreamWriter.m; path = classes/SBJsonStreamWriter.m; sourceTree = "<group>"; };
		C20DE8D7132BC6D30028EAD7 /* SBJsonStreamWriterState.h */ = {isa = PBXFileReference; fileEncoding = 4; lastKnownFileType = sourcecode.c.h; name = SBJsonStreamWriterState.h; path = classes/SBJsonStreamWriterState.h; sourceTree = "<group>"; };
		C20DE8D8132BC6D40028EAD7 /* SBJsonStreamWriterState.m */ = {isa = PBXFileReference; fileEncoding = 4; lastKnownFileType = sourcecode.c.objc; name = SBJsonStreamWriterState.m; path = classes/SBJsonStreamWriterState.m; sourceTree = "<group>"; };
		C20DE8D9132BC6D40028EAD7 /* SBJsonTokeniser.h */ = {isa = PBXFileReference; fileEncoding = 4; lastKnownFileType = sourcecode.c.h; name = SBJsonTokeniser.h; path = classes/SBJsonTokeniser.h; sourceTree = "<group>"; };
		C20DE8DA132BC6D40028EAD7 /* SBJsonTokeniser.m */ = {isa = PBXFileReference; fileEncoding = 4; lastKnownFileType = sourcecode.c.objc; name = SBJsonTokeniser.m; path = classes/SBJsonTokeniser.m; sourceTree = "<group>"; };
		C20DE8DB132BC6D40028EAD7 /* SBJsonWriter.h */ = {isa = PBXFileReference; fileEncoding = 4; lastKnownFileType = sourcecode.c.h; name = SBJsonWriter.h; path = classes/SBJsonWriter.h; sourceTree = "<group>"; };
		C20DE8DC132BC6D40028EAD7 /* SBJsonWriter.m */ = {isa = PBXFileReference; fileEncoding = 4; lastKnownFileType = sourcecode.c.objc; name = SBJsonWriter.m; path = classes/SBJsonWriter.m; sourceTree = "<group>"; };
		C23F3D7D132E5688003155EE /* json_mobile.h */ = {isa = PBXFileReference; fileEncoding = 4; lastKnownFileType = sourcecode.c.h; name = json_mobile.h; path = headers/json_mobile.h; sourceTree = "<group>"; };
		C2935B9B132AD9A600B39BE2 /* libjson_mobile.a */ = {isa = PBXFileReference; explicitFileType = archive.ar; includeInIndex = 0; path = libjson_mobile.a; sourceTree = BUILT_PRODUCTS_DIR; };
		C2935B9E132AD9A600B39BE2 /* Foundation.framework */ = {isa = PBXFileReference; lastKnownFileType = wrapper.framework; name = Foundation.framework; path = System/Library/Frameworks/Foundation.framework; sourceTree = SDKROOT; };
		C2B4DFBC132BB1D40067264D /* JsonMobile.h */ = {isa = PBXFileReference; fileEncoding = 4; lastKnownFileType = sourcecode.c.h; name = JsonMobile.h; path = classes/JsonMobile.h; sourceTree = "<group>"; };
		C2B4DFBD132BB1D40067264D /* JsonMobile.m */ = {isa = PBXFileReference; fileEncoding = 4; lastKnownFileType = sourcecode.c.objc; name = JsonMobile.m; path = classes/JsonMobile.m; sourceTree = "<group>"; };
		C2B4DFC0132BB1E10067264D /* json_mobile-Prefix.pch */ = {isa = PBXFileReference; fileEncoding = 4; lastKnownFileType = sourcecode.c.h; name = "json_mobile-Prefix.pch"; path = "support/json_mobile-Prefix.pch"; sourceTree = "<group>"; };
/* End PBXFileReference section */

/* Begin PBXFrameworksBuildPhase section */
		C2935B98132AD9A600B39BE2 /* Frameworks */ = {
			isa = PBXFrameworksBuildPhase;
			buildActionMask = 2147483647;
			files = (
				C2935B9F132AD9A600B39BE2 /* Foundation.framework in Frameworks */,
			);
			runOnlyForDeploymentPostprocessing = 0;
		};
/* End PBXFrameworksBuildPhase section */

/* Begin PBXGroup section */
		C209222113955AA100CDE3F1 /* Extras */ = {
			isa = PBXGroup;
			children = (
				C209221E139553F000CDE3F1 /* Entitlements.plist */,
			);
			name = Extras;
			sourceTree = "<group>";
		};
		C20CDB80133376A8008A4FE3 /* Parser */ = {
			isa = PBXGroup;
			children = (
				C20DE8CD132BC6D30028EAD7 /* SBJsonParser.h */,
				C20DE8CE132BC6D30028EAD7 /* SBJsonParser.m */,
				C20DE8CF132BC6D30028EAD7 /* SBJsonStreamParser.h */,
				C20DE8D0132BC6D30028EAD7 /* SBJsonStreamParser.m */,
				C20DE8D1132BC6D30028EAD7 /* SBJsonStreamParserAdapter.h */,
				C20DE8D2132BC6D30028EAD7 /* SBJsonStreamParserAdapter.m */,
				C20DE8D3132BC6D30028EAD7 /* SBJsonStreamParserState.h */,
				C20DE8D4132BC6D30028EAD7 /* SBJsonStreamParserState.m */,
			);
			name = Parser;
			sourceTree = "<group>";
		};
		C20CDB83133376C5008A4FE3 /* Writer */ = {
			isa = PBXGroup;
			children = (
				C20DE8D5132BC6D30028EAD7 /* SBJsonStreamWriter.h */,
				C20DE8D6132BC6D30028EAD7 /* SBJsonStreamWriter.m */,
				C20DE8D7132BC6D30028EAD7 /* SBJsonStreamWriterState.h */,
				C20DE8D8132BC6D40028EAD7 /* SBJsonStreamWriterState.m */,
				C20DE8DB132BC6D40028EAD7 /* SBJsonWriter.h */,
				C20DE8DC132BC6D40028EAD7 /* SBJsonWriter.m */,
			);
			name = Writer;
			sourceTree = "<group>";
		};
		C20CDB84133376D9008A4FE3 /* Global */ = {
			isa = PBXGroup;
			children = (
				C20DE8CA132BC6D30028EAD7 /* JSON.h */,
				C20DE8CB132BC6D30028EAD7 /* NSObject+JSON.h */,
				C20DE8CC132BC6D30028EAD7 /* NSObject+JSON.m */,
				C20DE8D9132BC6D40028EAD7 /* SBJsonTokeniser.h */,
				C20DE8DA132BC6D40028EAD7 /* SBJsonTokeniser.m */,
				C2B4DFBC132BB1D40067264D /* JsonMobile.h */,
				C2B4DFBD132BB1D40067264D /* JsonMobile.m */,
			);
			name = Global;
			sourceTree = "<group>";
		};
		C20CDB85133376E8008A4FE3 /* Dependencies */ = {
			isa = PBXGroup;
			children = (
				C20CDB86133376F3008A4FE3 /* Dependencies.h */,
			);
			name = Dependencies;
			sourceTree = "<group>";
		};
		C23F3D7B132E5668003155EE /* Headers */ = {
			isa = PBXGroup;
			children = (
				C23F3D7D132E5688003155EE /* json_mobile.h */,
			);
			name = Headers;
			sourceTree = "<group>";
		};
		C2935B90132AD9A500B39BE2 = {
			isa = PBXGroup;
			children = (
				C2935BA0132AD9A600B39BE2 /* Json Mobile */,
				C2935B9D132AD9A600B39BE2 /* Frameworks */,
				C2935B9C132AD9A600B39BE2 /* Products */,
				C209222113955AA100CDE3F1 /* Extras */,
			);
			sourceTree = "<group>";
		};
		C2935B9C132AD9A600B39BE2 /* Products */ = {
			isa = PBXGroup;
			children = (
				C2935B9B132AD9A600B39BE2 /* libjson_mobile.a */,
			);
			name = Products;
			sourceTree = "<group>";
		};
		C2935B9D132AD9A600B39BE2 /* Frameworks */ = {
			isa = PBXGroup;
			children = (
				C2935B9E132AD9A600B39BE2 /* Foundation.framework */,
			);
			name = Frameworks;
			sourceTree = "<group>";
		};
		C2935BA0132AD9A600B39BE2 /* Json Mobile */ = {
			isa = PBXGroup;
			children = (
				C23F3D7B132E5668003155EE /* Headers */,
				C2B4DFBB132BB1C60067264D /* Classes */,
				C2935BA1132AD9A600B39BE2 /* Support */,
			);
			name = "Json Mobile";
			path = json_mobile;
			sourceTree = "<group>";
		};
		C2935BA1132AD9A600B39BE2 /* Support */ = {
			isa = PBXGroup;
			children = (
				C2B4DFC0132BB1E10067264D /* json_mobile-Prefix.pch */,
			);
			name = Support;
			sourceTree = "<group>";
		};
		C2B4DFBB132BB1C60067264D /* Classes */ = {
			isa = PBXGroup;
			children = (
				C20CDB85133376E8008A4FE3 /* Dependencies */,
				C20CDB84133376D9008A4FE3 /* Global */,
				C20CDB83133376C5008A4FE3 /* Writer */,
				C20CDB80133376A8008A4FE3 /* Parser */,
			);
			name = Classes;
			sourceTree = "<group>";
		};
/* End PBXGroup section */

/* Begin PBXHeadersBuildPhase section */
		C2935B99132AD9A600B39BE2 /* Headers */ = {
			isa = PBXHeadersBuildPhase;
			buildActionMask = 2147483647;
			files = (
				C2B4DFBE132BB1D40067264D /* JsonMobile.h in Headers */,
				C2B4DFC1132BB1E10067264D /* json_mobile-Prefix.pch in Headers */,
				C20DE8DD132BC6D50028EAD7 /* JSON.h in Headers */,
				C20DE8DE132BC6D50028EAD7 /* NSObject+JSON.h in Headers */,
				C20DE8E0132BC6D50028EAD7 /* SBJsonParser.h in Headers */,
				C20DE8E2132BC6D50028EAD7 /* SBJsonStreamParser.h in Headers */,
				C20DE8E4132BC6D50028EAD7 /* SBJsonStreamParserAdapter.h in Headers */,
				C20DE8E6132BC6D50028EAD7 /* SBJsonStreamParserState.h in Headers */,
				C20DE8E8132BC6D50028EAD7 /* SBJsonStreamWriter.h in Headers */,
				C20DE8EA132BC6D50028EAD7 /* SBJsonStreamWriterState.h in Headers */,
				C20DE8EC132BC6D50028EAD7 /* SBJsonTokeniser.h in Headers */,
				C20DE8EE132BC6D50028EAD7 /* SBJsonWriter.h in Headers */,
				C23F3D7E132E5688003155EE /* json_mobile.h in Headers */,
				C20CDB87133376F3008A4FE3 /* Dependencies.h in Headers */,
			);
			runOnlyForDeploymentPostprocessing = 0;
		};
/* End PBXHeadersBuildPhase section */

/* Begin PBXNativeTarget section */
		C2935B9A132AD9A600B39BE2 /* json_mobile */ = {
			isa = PBXNativeTarget;
			buildConfigurationList = C2935BA5132AD9A600B39BE2 /* Build configuration list for PBXNativeTarget "json_mobile" */;
			buildPhases = (
				C2935B97132AD9A600B39BE2 /* Sources */,
				C2935B98132AD9A600B39BE2 /* Frameworks */,
				C2935B99132AD9A600B39BE2 /* Headers */,
			);
			buildRules = (
			);
			dependencies = (
			);
			name = json_mobile;
			productName = json_mobile;
			productReference = C2935B9B132AD9A600B39BE2 /* libjson_mobile.a */;
			productType = "com.apple.product-type.library.static";
		};
/* End PBXNativeTarget section */

/* Begin PBXProject section */
		C2935B92132AD9A500B39BE2 /* Project object */ = {
			isa = PBXProject;
			attributes = {
				LastUpgradeCheck = 0450;
				ORGANIZATIONNAME = "Hive Solutions Lda.";
			};
			buildConfigurationList = C2935B95132AD9A500B39BE2 /* Build configuration list for PBXProject "json_mobile" */;
			compatibilityVersion = "Xcode 3.2";
			developmentRegion = English;
			hasScannedForEncodings = 0;
			knownRegions = (
				en,
			);
			mainGroup = C2935B90132AD9A500B39BE2;
			productRefGroup = C2935B9C132AD9A600B39BE2 /* Products */;
			projectDirPath = "";
			projectRoot = "";
			targets = (
				C2935B9A132AD9A600B39BE2 /* json_mobile */,
			);
		};
/* End PBXProject section */

/* Begin PBXSourcesBuildPhase section */
		C2935B97132AD9A600B39BE2 /* Sources */ = {
			isa = PBXSourcesBuildPhase;
			buildActionMask = 2147483647;
			files = (
				C2B4DFBF132BB1D40067264D /* JsonMobile.m in Sources */,
				C20DE8DF132BC6D50028EAD7 /* NSObject+JSON.m in Sources */,
				C20DE8E1132BC6D50028EAD7 /* SBJsonParser.m in Sources */,
				C20DE8E3132BC6D50028EAD7 /* SBJsonStreamParser.m in Sources */,
				C20DE8E5132BC6D50028EAD7 /* SBJsonStreamParserAdapter.m in Sources */,
				C20DE8E7132BC6D50028EAD7 /* SBJsonStreamParserState.m in Sources */,
				C20DE8E9132BC6D50028EAD7 /* SBJsonStreamWriter.m in Sources */,
				C20DE8EB132BC6D50028EAD7 /* SBJsonStreamWriterState.m in Sources */,
				C20DE8ED132BC6D50028EAD7 /* SBJsonTokeniser.m in Sources */,
				C20DE8EF132BC6D50028EAD7 /* SBJsonWriter.m in Sources */,
			);
			runOnlyForDeploymentPostprocessing = 0;
		};
/* End PBXSourcesBuildPhase section */

/* Begin XCBuildConfiguration section */
		C20922151395508000CDE3F1 /* Ad Hoc */ = {
			isa = XCBuildConfiguration;
			buildSettings = {
				ARCHS = "$(ARCHS_STANDARD_32_BIT)";
				GCC_C_LANGUAGE_STANDARD = gnu99;
				GCC_VERSION = com.apple.compilers.llvmgcc42;
				GCC_WARN_ABOUT_RETURN_TYPE = YES;
				GCC_WARN_UNUSED_VARIABLE = YES;
				IPHONEOS_DEPLOYMENT_TARGET = 4.0;
				SDKROOT = iphoneos;
				SKIP_INSTALL = YES;
			};
			name = "Ad Hoc";
		};
		C20922161395508000CDE3F1 /* Ad Hoc */ = {
			isa = XCBuildConfiguration;
			buildSettings = {
				CODE_SIGN_ENTITLEMENTS = Entitlements.plist;
				DSTROOT = /tmp/json_mobile.dst;
				GCC_PRECOMPILE_PREFIX_HEADER = YES;
				GCC_PREFIX_HEADER = "json_mobile/support/json_mobile-Prefix.pch";
				GCC_VERSION = com.apple.compilers.llvm.clang.1_0;
				OTHER_LDFLAGS = "-ObjC";
				PRODUCT_NAME = "$(TARGET_NAME)";
			};
			name = "Ad Hoc";
		};
		C2935BA3132AD9A600B39BE2 /* Debug */ = {
			isa = XCBuildConfiguration;
			buildSettings = {
				ARCHS = "$(ARCHS_STANDARD_32_BIT)";
				GCC_C_LANGUAGE_STANDARD = gnu99;
				GCC_OPTIMIZATION_LEVEL = 0;
				GCC_PREPROCESSOR_DEFINITIONS = DEBUG;
				GCC_SYMBOLS_PRIVATE_EXTERN = NO;
				GCC_VERSION = com.apple.compilers.llvmgcc42;
				GCC_WARN_ABOUT_RETURN_TYPE = YES;
				GCC_WARN_UNUSED_VARIABLE = YES;
				IPHONEOS_DEPLOYMENT_TARGET = 4.0;
				SDKROOT = iphoneos;
				SKIP_INSTALL = YES;
			};
			name = Debug;
		};
		C2935BA4132AD9A600B39BE2 /* Release */ = {
			isa = XCBuildConfiguration;
			buildSettings = {
				ARCHS = "$(ARCHS_STANDARD_32_BIT)";
				GCC_C_LANGUAGE_STANDARD = gnu99;
				GCC_VERSION = com.apple.compilers.llvmgcc42;
				GCC_WARN_ABOUT_RETURN_TYPE = YES;
				GCC_WARN_UNUSED_VARIABLE = YES;
				IPHONEOS_DEPLOYMENT_TARGET = 4.0;
				SDKROOT = iphoneos;
				SKIP_INSTALL = YES;
			};
			name = Release;
		};
		C2935BA6132AD9A600B39BE2 /* Debug */ = {
			isa = XCBuildConfiguration;
			buildSettings = {
				DSTROOT = /tmp/json_mobile.dst;
				GCC_PRECOMPILE_PREFIX_HEADER = YES;
				GCC_PREFIX_HEADER = "json_mobile/support/json_mobile-Prefix.pch";
				GCC_VERSION = com.apple.compilers.llvm.clang.1_0;
				OTHER_LDFLAGS = "-ObjC";
				PRODUCT_NAME = "$(TARGET_NAME)";
			};
			name = Debug;
		};
		C2935BA7132AD9A600B39BE2 /* Release */ = {
			isa = XCBuildConfiguration;
			buildSettings = {
				DSTROOT = /tmp/json_mobile.dst;
				GCC_PRECOMPILE_PREFIX_HEADER = YES;
				GCC_PREFIX_HEADER = "json_mobile/support/json_mobile-Prefix.pch";
				GCC_VERSION = com.apple.compilers.llvm.clang.1_0;
				OTHER_LDFLAGS = "-ObjC";
				PRODUCT_NAME = "$(TARGET_NAME)";
			};
			name = Release;
		};
/* End XCBuildConfiguration section */

/* Begin XCConfigurationList section */
		C2935B95132AD9A500B39BE2 /* Build configuration list for PBXProject "json_mobile" */ = {
			isa = XCConfigurationList;
			buildConfigurations = (
				C2935BA3132AD9A600B39BE2 /* Debug */,
				C2935BA4132AD9A600B39BE2 /* Release */,
				C20922151395508000CDE3F1 /* Ad Hoc */,
			);
			defaultConfigurationIsVisible = 0;
			defaultConfigurationName = Release;
		};
		C2935BA5132AD9A600B39BE2 /* Build configuration list for PBXNativeTarget "json_mobile" */ = {
			isa = XCConfigurationList;
			buildConfigurations = (
				C2935BA6132AD9A600B39BE2 /* Debug */,
				C2935BA7132AD9A600B39BE2 /* Release */,
				C20922161395508000CDE3F1 /* Ad Hoc */,
			);
			defaultConfigurationIsVisible = 0;
			defaultConfigurationName = Release;
		};
/* End XCConfigurationList section */
	};
	rootObject = C2935B92132AD9A500B39BE2 /* Project object */;
}
